{
    "version": 3,
    "terraform_version": "0.11.8",
    "serial": 2,
    "lineage": "1d8d5292-d249-ac4d-015e-2da208984168",
    "modules": [
        {
            "path": [
                "root"
            ],
            "outputs": {
                "s3_bucket_arn": {
                    "sensitive": false,
                    "type": "string",
                    "value": "arn:aws:s3:::george-tf-up-running01"
                }
            },
            "resources": {
                "aws_s3_bucket.terraform_state": {
                    "type": "aws_s3_bucket",
                    "depends_on": [],
                    "primary": {
                        "id": "george-tf-up-running01",
                        "attributes": {
                            "acceleration_status": "",
                            "acl": "private",
                            "arn": "arn:aws:s3:::george-tf-up-running01",
                            "bucket": "george-tf-up-running01",
                            "bucket_domain_name": "george-tf-up-running01.s3.amazonaws.com",
                            "bucket_regional_domain_name": "george-tf-up-running01.s3.ap-northeast-1.amazonaws.com",
                            "cors_rule.#": "0",
                            "force_destroy": "false",
                            "hosted_zone_id": "Z2M4EHUR26P7ZW",
                            "id": "george-tf-up-running01",
                            "lifecycle_rule.#": "0",
                            "logging.#": "0",
                            "object_lock_configuration.#": "0",
                            "region": "ap-northeast-1",
                            "replication_configuration.#": "0",
                            "request_payer": "BucketOwner",
                            "server_side_encryption_configuration.#": "0",
                            "tags.%": "0",
                            "versioning.#": "1",
                            "versioning.0.enabled": "true",
                            "versioning.0.mfa_delete": "false",
                            "website.#": "0"
                        },
                        "meta": {},
                        "tainted": false
                    },
                    "deposed": [],
                    "provider": "provider.aws"
                }
            },
            "depends_on": []
        }
    ]
}
